// !$*UTF8*$!
{
	archiveVersion = 1;
	classes = {
	};
	objectVersion = 50;
	objects = {

/* Begin PBXBuildFile section */
		581D58E523D9FDC900F688C8 /* AppDelegate.swift in Sources */ = {isa = PBXBuildFile; fileRef = 581D58E423D9FDC900F688C8 /* AppDelegate.swift */; };
		581D58E723D9FDC900F688C8 /* SceneDelegate.swift in Sources */ = {isa = PBXBuildFile; fileRef = 581D58E623D9FDC900F688C8 /* SceneDelegate.swift */; };
		581D58E923D9FDC900F688C8 /* ContentView.swift in Sources */ = {isa = PBXBuildFile; fileRef = 581D58E823D9FDC900F688C8 /* ContentView.swift */; };
		581D58EB23D9FDCF00F688C8 /* Assets.xcassets in Resources */ = {isa = PBXBuildFile; fileRef = 581D58EA23D9FDCF00F688C8 /* Assets.xcassets */; };
		581D58EE23D9FDCF00F688C8 /* Preview Assets.xcassets in Resources */ = {isa = PBXBuildFile; fileRef = 581D58ED23D9FDCF00F688C8 /* Preview Assets.xcassets */; };
		581D58F123D9FDCF00F688C8 /* LaunchScreen.storyboard in Resources */ = {isa = PBXBuildFile; fileRef = 581D58EF23D9FDCF00F688C8 /* LaunchScreen.storyboard */; };
		581D58FA23DA241300F688C8 /* NetworkManager.swift in Sources */ = {isa = PBXBuildFile; fileRef = 581D58F923DA241300F688C8 /* NetworkManager.swift */; };
		581D58FC23DA25A400F688C8 /* PostData.swift in Sources */ = {isa = PBXBuildFile; fileRef = 581D58FB23DA25A400F688C8 /* PostData.swift */; };
		581D58FF23DA441600F688C8 /* DetailView.swift in Sources */ = {isa = PBXBuildFile; fileRef = 581D58FE23DA441600F688C8 /* DetailView.swift */; };
		581D590123DA566F00F688C8 /* WebView.swift in Sources */ = {isa = PBXBuildFile; fileRef = 581D590023DA566F00F688C8 /* WebView.swift */; };
/* End PBXBuildFile section */

/* Begin PBXFileReference section */
		581D58E123D9FDC900F688C8 /* H4X0R.app */ = {isa = PBXFileReference; explicitFileType = wrapper.application; includeInIndex = 0; path = H4X0R.app; sourceTree = BUILT_PRODUCTS_DIR; };
		581D58E423D9FDC900F688C8 /* AppDelegate.swift */ = {isa = PBXFileReference; lastKnownFileType = sourcecode.swift; path = AppDelegate.swift; sourceTree = "<group>"; };
		581D58E623D9FDC900F688C8 /* SceneDelegate.swift */ = {isa = PBXFileReference; lastKnownFileType = sourcecode.swift; path = SceneDelegate.swift; sourceTree = "<group>"; };
		581D58E823D9FDC900F688C8 /* ContentView.swift */ = {isa = PBXFileReference; lastKnownFileType = sourcecode.swift; path = ContentView.swift; sourceTree = "<group>"; };
		581D58EA23D9FDCF00F688C8 /* Assets.xcassets */ = {isa = PBXFileReference; lastKnownFileType = folder.assetcatalog; path = Assets.xcassets; sourceTree = "<group>"; };
		581D58ED23D9FDCF00F688C8 /* Preview Assets.xcassets */ = {isa = PBXFileReference; lastKnownFileType = folder.assetcatalog; path = "Preview Assets.xcassets"; sourceTree = "<group>"; };
		581D58F023D9FDCF00F688C8 /* Base */ = {isa = PBXFileReference; lastKnownFileType = file.storyboard; name = Base; path = Base.lproj/LaunchScreen.storyboard; sourceTree = "<group>"; };
		581D58F223D9FDCF00F688C8 /* Info.plist */ = {isa = PBXFileReference; lastKnownFileType = text.plist.xml; path = Info.plist; sourceTree = "<group>"; };
		581D58F923DA241300F688C8 /* NetworkManager.swift */ = {isa = PBXFileReference; lastKnownFileType = sourcecode.swift; path = NetworkManager.swift; sourceTree = "<group>"; };
		581D58FB23DA25A400F688C8 /* PostData.swift */ = {isa = PBXFileReference; lastKnownFileType = sourcecode.swift; path = PostData.swift; sourceTree = "<group>"; };
		581D58FE23DA441600F688C8 /* DetailView.swift */ = {isa = PBXFileReference; lastKnownFileType = sourcecode.swift; path = DetailView.swift; sourceTree = "<group>"; };
		581D590023DA566F00F688C8 /* WebView.swift */ = {isa = PBXFileReference; lastKnownFileType = sourcecode.swift; path = WebView.swift; sourceTree = "<group>"; };
		58EAF5A423DA6227008BC88E /* README.md */ = {isa = PBXFileReference; lastKnownFileType = net.daringfireball.markdown; path = README.md; sourceTree = "<group>"; };
/* End PBXFileReference section */

/* Begin PBXFrameworksBuildPhase section */
		581D58DE23D9FDC900F688C8 /* Frameworks */ = {
			isa = PBXFrameworksBuildPhase;
			buildActionMask = 2147483647;
			files = (
			);
			runOnlyForDeploymentPostprocessing = 0;
		};
/* End PBXFrameworksBuildPhase section */

/* Begin PBXGroup section */
		581D58D823D9FDC900F688C8 = {
			isa = PBXGroup;
			children = (
				58EAF5A423DA6227008BC88E /* README.md */,
				581D58E323D9FDC900F688C8 /* H4X0R */,
				581D58E223D9FDC900F688C8 /* Products */,
			);
			sourceTree = "<group>";
		};
		581D58E223D9FDC900F688C8 /* Products */ = {
			isa = PBXGroup;
			children = (
				581D58E123D9FDC900F688C8 /* H4X0R.app */,
			);
			name = Products;
			sourceTree = "<group>";
		};
		581D58E323D9FDC900F688C8 /* H4X0R */ = {
			isa = PBXGroup;
			children = (
				581D58F823DA23F400F688C8 /* Models */,
				581D58E423D9FDC900F688C8 /* AppDelegate.swift */,
				581D58E623D9FDC900F688C8 /* SceneDelegate.swift */,
				581D58FD23DA43E600F688C8 /* Views */,
				581D58EA23D9FDCF00F688C8 /* Assets.xcassets */,
				581D58EF23D9FDCF00F688C8 /* LaunchScreen.storyboard */,
				581D58F223D9FDCF00F688C8 /* Info.plist */,
				581D58EC23D9FDCF00F688C8 /* Preview Content */,
			);
			path = H4X0R;
			sourceTree = "<group>";
		};
		581D58EC23D9FDCF00F688C8 /* Preview Content */ = {
			isa = PBXGroup;
			children = (
				581D58ED23D9FDCF00F688C8 /* Preview Assets.xcassets */,
			);
			path = "Preview Content";
			sourceTree = "<group>";
		};
		581D58F823DA23F400F688C8 /* Models */ = {
			isa = PBXGroup;
			children = (
				581D58F923DA241300F688C8 /* NetworkManager.swift */,
				581D58FB23DA25A400F688C8 /* PostData.swift */,
			);
			path = Models;
			sourceTree = "<group>";
		};
		581D58FD23DA43E600F688C8 /* Views */ = {
			isa = PBXGroup;
			children = (
				581D58E823D9FDC900F688C8 /* ContentView.swift */,
				581D58FE23DA441600F688C8 /* DetailView.swift */,
				581D590023DA566F00F688C8 /* WebView.swift */,
			);
			path = Views;
			sourceTree = "<group>";
		};
/* End PBXGroup section */

/* Begin PBXNativeTarget section */
		581D58E023D9FDC900F688C8 /* H4X0R */ = {
			isa = PBXNativeTarget;
			buildConfigurationList = 581D58F523D9FDCF00F688C8 /* Build configuration list for PBXNativeTarget "H4X0R" */;
			buildPhases = (
				581D58DD23D9FDC900F688C8 /* Sources */,
				581D58DE23D9FDC900F688C8 /* Frameworks */,
				581D58DF23D9FDC900F688C8 /* Resources */,
			);
			buildRules = (
			);
			dependencies = (
			);
			name = H4X0R;
			productName = H4X0R;
			productReference = 581D58E123D9FDC900F688C8 /* H4X0R.app */;
			productType = "com.apple.product-type.application";
		};
/* End PBXNativeTarget section */

/* Begin PBXProject section */
		581D58D923D9FDC900F688C8 /* Project object */ = {
			isa = PBXProject;
			attributes = {
				LastSwiftUpdateCheck = 1130;
				LastUpgradeCheck = 1130;
				ORGANIZATIONNAME = "Alexander Smith";
				TargetAttributes = {
					581D58E023D9FDC900F688C8 = {
						CreatedOnToolsVersion = 11.3.1;
					};
				};
			};
			buildConfigurationList = 581D58DC23D9FDC900F688C8 /* Build configuration list for PBXProject "H4X0R" */;
			compatibilityVersion = "Xcode 9.3";
			developmentRegion = en;
			hasScannedForEncodings = 0;
			knownRegions = (
				en,
				Base,
			);
			mainGroup = 581D58D823D9FDC900F688C8;
			productRefGroup = 581D58E223D9FDC900F688C8 /* Products */;
			projectDirPath = "";
			projectRoot = "";
			targets = (
				581D58E023D9FDC900F688C8 /* H4X0R */,
			);
		};
/* End PBXProject section */

/* Begin PBXResourcesBuildPhase section */
		581D58DF23D9FDC900F688C8 /* Resources */ = {
			isa = PBXResourcesBuildPhase;
			buildActionMask = 2147483647;
			files = (
				581D58F123D9FDCF00F688C8 /* LaunchScreen.storyboard in Resources */,
				581D58EE23D9FDCF00F688C8 /* Preview Assets.xcassets in Resources */,
				581D58EB23D9FDCF00F688C8 /* Assets.xcassets in Resources */,
			);
			runOnlyForDeploymentPostprocessing = 0;
		};
/* End PBXResourcesBuildPhase section */

/* Begin PBXSourcesBuildPhase section */
		581D58DD23D9FDC900F688C8 /* Sources */ = {
			isa = PBXSourcesBuildPhase;
			buildActionMask = 2147483647;
			files = (
				581D58FC23DA25A400F688C8 /* PostData.swift in Sources */,
				581D58FF23DA441600F688C8 /* DetailView.swift in Sources */,
				581D58FA23DA241300F688C8 /* NetworkManager.swift in Sources */,
				581D58E523D9FDC900F688C8 /* AppDelegate.swift in Sources */,
				581D58E723D9FDC900F688C8 /* SceneDelegate.swift in Sources */,
				581D58E923D9FDC900F688C8 /* ContentView.swift in Sources */,
				581D590123DA566F00F688C8 /* WebView.swift in Sources */,
			);
			runOnlyForDeploymentPostprocessing = 0;
		};
/* End PBXSourcesBuildPhase section */

/* Begin PBXVariantGroup section */
		581D58EF23D9FDCF00F688C8 /* LaunchScreen.storyboard */ = {
			isa = PBXVariantGroup;
			children = (
				581D58F023D9FDCF00F688C8 /* Base */,
			);
			name = LaunchScreen.storyboard;
			sourceTree = "<group>";
		};
/* End PBXVariantGroup section */

/* Begin XCBuildConfiguration section */
		581D58F323D9FDCF00F688C8 /* Debug */ = {
			isa = XCBuildConfiguration;
			buildSettings = {
				ALWAYS_SEARCH_USER_PATHS = NO;
				CLANG_ANALYZER_NONNULL = YES;
				CLANG_ANALYZER_NUMBER_OBJECT_CONVERSION = YES_AGGRESSIVE;
				CLANG_CXX_LANGUAGE_STANDARD = "gnu++14";
				CLANG_CXX_LIBRARY = "libc++";
				CLANG_ENABLE_MODULES = YES;
				CLANG_ENABLE_OBJC_ARC = YES;
				CLANG_ENABLE_OBJC_WEAK = YES;
				CLANG_WARN_BLOCK_CAPTURE_AUTORELEASING = YES;
				CLANG_WARN_BOOL_CONVERSION = YES;
				CLANG_WARN_COMMA = YES;
				CLANG_WARN_CONSTANT_CONVERSION = YES;
				CLANG_WARN_DEPRECATED_OBJC_IMPLEMENTATIONS = YES;
				CLANG_WARN_DIRECT_OBJC_ISA_USAGE = YES_ERROR;
				CLANG_WARN_DOCUMENTATION_COMMENTS = YES;
				CLANG_WARN_EMPTY_BODY = YES;
				CLANG_WARN_ENUM_CONVERSION = YES;
				CLANG_WARN_INFINITE_RECURSION = YES;
				CLANG_WARN_INT_CONVERSION = YES;
				CLANG_WARN_NON_LITERAL_NULL_CONVERSION = YES;
				CLANG_WARN_OBJC_IMPLICIT_RETAIN_SELF = YES;
				CLANG_WARN_OBJC_LITERAL_CONVERSION = YES;
				CLANG_WARN_OBJC_ROOT_CLASS = YES_ERROR;
				CLANG_WARN_RANGE_LOOP_ANALYSIS = YES;
				CLANG_WARN_STRICT_PROTOTYPES = YES;
				CLANG_WARN_SUSPICIOUS_MOVE = YES;
				CLANG_WARN_UNGUARDED_AVAILABILITY = YES_AGGRESSIVE;
				CLANG_WARN_UNREACHABLE_CODE = YES;
				CLANG_WARN__DUPLICATE_METHOD_MATCH = YES;
				COPY_PHASE_STRIP = NO;
				DEBUG_INFORMATION_FORMAT = dwarf;
				ENABLE_STRICT_OBJC_MSGSEND = YES;
				ENABLE_TESTABILITY = YES;
				GCC_C_LANGUAGE_STANDARD = gnu11;
				GCC_DYNAMIC_NO_PIC = NO;
				GCC_NO_COMMON_BLOCKS = YES;
				GCC_OPTIMIZATION_LEVEL = 0;
				GCC_PREPROCESSOR_DEFINITIONS = (
					"DEBUG=1",
					"$(inherited)",
				);
				GCC_WARN_64_TO_32_BIT_CONVERSION = YES;
				GCC_WARN_ABOUT_RETURN_TYPE = YES_ERROR;
				GCC_WARN_UNDECLARED_SELECTOR = YES;
				GCC_WARN_UNINITIALIZED_AUTOS = YES_AGGRESSIVE;
				GCC_WARN_UNUSED_FUNCTION = YES;
				GCC_WARN_UNUSED_VARIABLE = YES;
				IPHONEOS_DEPLOYMENT_TARGET = 13.2;
				MTL_ENABLE_DEBUG_INFO = INCLUDE_SOURCE;
				MTL_FAST_MATH = YES;
				ONLY_ACTIVE_ARCH = YES;
				SDKROOT = iphoneos;
				SWIFT_ACTIVE_COMPILATION_CONDITIONS = DEBUG;
				SWIFT_OPTIMIZATION_LEVEL = "-Onone";
			};
			name = Debug;
		};
		581D58F423D9FDCF00F688C8 /* Release */ = {
			isa = XCBuildConfiguration;
			buildSettings = {
				ALWAYS_SEARCH_USER_PATHS = NO;
				CLANG_ANALYZER_NONNULL = YES;
				CLANG_ANALYZER_NUMBER_OBJECT_CONVERSION = YES_AGGRESSIVE;
				CLANG_CXX_LANGUAGE_STANDARD = "gnu++14";
				CLANG_CXX_LIBRARY = "libc++";
				CLANG_ENABLE_MODULES = YES;
				CLANG_ENABLE_OBJC_ARC = YES;
				CLANG_ENABLE_OBJC_WEAK = YES;
				CLANG_WARN_BLOCK_CAPTURE_AUTORELEASING = YES;
				CLANG_WARN_BOOL_CONVERSION = YES;
				CLANG_WARN_COMMA = YES;
				CLANG_WARN_CONSTANT_CONVERSION = YES;
				CLANG_WARN_DEPRECATED_OBJC_IMPLEMENTATIONS = YES;
				CLANG_WARN_DIRECT_OBJC_ISA_USAGE = YES_ERROR;
				CLANG_WARN_DOCUMENTATION_COMMENTS = YES;
				CLANG_WARN_EMPTY_BODY = YES;
				CLANG_WARN_ENUM_CONVERSION = YES;
				CLANG_WARN_INFINITE_RECURSION = YES;
				CLANG_WARN_INT_CONVERSION = YES;
				CLANG_WARN_NON_LITERAL_NULL_CONVERSION = YES;
				CLANG_WARN_OBJC_IMPLICIT_RETAIN_SELF = YES;
				CLANG_WARN_OBJC_LITERAL_CONVERSION = YES;
				CLANG_WARN_OBJC_ROOT_CLASS = YES_ERROR;
				CLANG_WARN_RANGE_LOOP_ANALYSIS = YES;
				CLANG_WARN_STRICT_PROTOTYPES = YES;
				CLANG_WARN_SUSPICIOUS_MOVE = YES;
				CLANG_WARN_UNGUARDED_AVAILABILITY = YES_AGGRESSIVE;
				CLANG_WARN_UNREACHABLE_CODE = YES;
				CLANG_WARN__DUPLICATE_METHOD_MATCH = YES;
				COPY_PHASE_STRIP = NO;
				DEBUG_INFORMATION_FORMAT = "dwarf-with-dsym";
				ENABLE_NS_ASSERTIONS = NO;
				ENABLE_STRICT_OBJC_MSGSEND = YES;
				GCC_C_LANGUAGE_STANDARD = gnu11;
				GCC_NO_COMMON_BLOCKS = YES;
				GCC_WARN_64_TO_32_BIT_CONVERSION = YES;
				GCC_WARN_ABOUT_RETURN_TYPE = YES_ERROR;
				GCC_WARN_UNDECLARED_SELECTOR = YES;
				GCC_WARN_UNINITIALIZED_AUTOS = YES_AGGRESSIVE;
				GCC_WARN_UNUSED_FUNCTION = YES;
				GCC_WARN_UNUSED_VARIABLE = YES;
				IPHONEOS_DEPLOYMENT_TARGET = 13.2;
				MTL_ENABLE_DEBUG_INFO = NO;
				MTL_FAST_MATH = YES;
				SDKROOT = iphoneos;
				SWIFT_COMPILATION_MODE = wholemodule;
				SWIFT_OPTIMIZATION_LEVEL = "-O";
				VALIDATE_PRODUCT = YES;
			};
			name = Release;
		};
		581D58F623D9FDCF00F688C8 /* Debug */ = {
			isa = XCBuildConfiguration;
			buildSettings = {
				ASSETCATALOG_COMPILER_APPICON_NAME = AppIcon;
				CODE_SIGN_STYLE = Automatic;
				DEVELOPMENT_ASSET_PATHS = "\"H4X0R/Preview Content\"";
				DEVELOPMENT_TEAM = 9SJWLK8ZVY;
				ENABLE_PREVIEWS = YES;
				INFOPLIST_FILE = H4X0R/Info.plist;
				LD_RUNPATH_SEARCH_PATHS = (
					"$(inherited)",
					"@executable_path/Frameworks",
				);
				PRODUCT_BUNDLE_IDENTIFIER = com.alexandercsmith.H4X0R;
				PRODUCT_NAME = "$(TARGET_NAME)";
				SWIFT_VERSION = 5.0;
				TARGETED_DEVICE_FAMILY = "1,2";
			};
			name = Debug;
		};
		581D58F723D9FDCF00F688C8 /* Release */ = {
			isa = XCBuildConfiguration;
			buildSettings = {
				ASSETCATALOG_COMPILER_APPICON_NAME = AppIcon;
				CODE_SIGN_STYLE = Automatic;
				DEVELOPMENT_ASSET_PATHS = "\"H4X0R/Preview Content\"";
				DEVELOPMENT_TEAM = 9SJWLK8ZVY;
				ENABLE_PREVIEWS = YES;
				INFOPLIST_FILE = H4X0R/Info.plist;
				LD_RUNPATH_SEARCH_PATHS = (
					"$(inherited)",
					"@executable_path/Frameworks",
				);
				PRODUCT_BUNDLE_IDENTIFIER = com.alexandercsmith.H4X0R;
				PRODUCT_NAME = "$(TARGET_NAME)";
				SWIFT_VERSION = 5.0;
				TARGETED_DEVICE_FAMILY = "1,2";
			};
			name = Release;
		};
/* End XCBuildConfiguration section */

/* Begin XCConfigurationList section */
		581D58DC23D9FDC900F688C8 /* Build configuration list for PBXProject "H4X0R" */ = {
			isa = XCConfigurationList;
			buildConfigurations = (
				581D58F323D9FDCF00F688C8 /* Debug */,
				581D58F423D9FDCF00F688C8 /* Release */,
			);
			defaultConfigurationIsVisible = 0;
			defaultConfigurationName = Release;
		};
		581D58F523D9FDCF00F688C8 /* Build configuration list for PBXNativeTarget "H4X0R" */ = {
			isa = XCConfigurationList;
			buildConfigurations = (
				581D58F623D9FDCF00F688C8 /* Debug */,
				581D58F723D9FDCF00F688C8 /* Release */,
			);
			defaultConfigurationIsVisible = 0;
			defaultConfigurationName = Release;
		};
/* End XCConfigurationList section */
	};
	rootObject = 581D58D923D9FDC900F688C8 /* Project object */;
}
